lockfileVersion: '9.0'

settings:
  autoInstallPeers: true
  excludeLinksFromLockfile: false

importers:

  .:
    dependencies:
      h3:
        specifier: 2.0.1-rc.5
        version: 2.0.1-rc.5
      nunjucks:
        specifier: ^3.2.4
        version: 3.2.4
    devDependencies:
      '@types/node':
        specifier: ^24.9.2
        version: 24.9.2

packages:

  '@types/node@24.9.2':
    resolution: {integrity: sha512-uWN8YqxXxqFMX2RqGOrumsKeti4LlmIMIyV0lgut4jx7KQBcBiW6vkDtIBvHnHIquwNfJhk8v2OtmO8zXWHfPA==}

  a-sync-waterfall@1.0.1:
    resolution: {integrity: sha512-RYTOHHdWipFUliRFMCS4X2Yn2X8M87V/OpSqWzKKOGhzqyUxzyVmhHDH9sAvG+ZuQf/TAOFsLCpMw09I1ufUnA==}

  asap@2.0.6:
    resolution: {integrity: sha512-BSHWgDSAiKs50o2Re8ppvp3seVHXSRM44cdSsT9FfNEUUZLOGWVCsiWaRPWM1Znn+mqZ1OfVZ3z3DWEzSp7hRA==}

  commander@5.1.0:
    resolution: {integrity: sha512-P0CysNDQ7rtVw4QIQtm+MRxV66vKFSvlsQvGYXZWR3qFU0jlMKHZZZgw8e+8DSah4UDKMqnknRDQz+xuQXQ/Zg==}
    engines: {node: '>= 6'}

  h3@2.0.1-rc.5:
    resolution: {integrity: sha512-qkohAzCab0nLzXNm78tBjZDvtKMTmtygS8BJLT3VPczAQofdqlFXDPkXdLMJN4r05+xqneG8snZJ0HgkERCZTg==}
    engines: {node: '>=20.11.1'}
    peerDependencies:
      crossws: ^0.4.1
    peerDependenciesMeta:
      crossws:
        optional: true

  nunjucks@3.2.4:
    resolution: {integrity: sha512-26XRV6BhkgK0VOxfbU5cQI+ICFUtMLixv1noZn1tGU38kQH5A5nmmbk/O45xdyBhD1esk47nKrY0mvQpZIhRjQ==}
    engines: {node: '>= 6.9.0'}
    hasBin: true
    peerDependencies:
      chokidar: ^3.3.0
    peerDependenciesMeta:
      chokidar:
        optional: true

  rou3@0.7.9:
    resolution: {integrity: sha512-+JM7c8swGkoXkWRkIz7qpYN9Bls7Rj/vuSGaxtoKHIe8Ba1ci+mXnqzqtJFrXSbvEazNL9v83P2RiXae9NSbfQ==}

  srvx@0.9.4:
    resolution: {integrity: sha512-yACjRbHWbI3ehhPCrEKBZvAooe/xgJIdA7QRYiYFI1VtsiGyDpSQS5r9Q6ZgTa+R0umaoJhs2umKuGlL3/nDbQ==}
    engines: {node: '>=20.16.0'}
    hasBin: true

  undici-types@7.16.0:
    resolution: {integrity: sha512-Zz+aZWSj8LE6zoxD+xrjh4VfkIG8Ya6LvYkZqtUQGJPZjYl53ypCaUwWqo7eI0x66KBGeRo+mlBEkMSeSZ38Nw==}

snapshots:

  '@types/node@24.9.2':
    dependencies:
      undici-types: 7.16.0

  a-sync-waterfall@1.0.1: {}

  asap@2.0.6: {}

  commander@5.1.0: {}

  h3@2.0.1-rc.5:
    dependencies:
      rou3: 0.7.9
      srvx: 0.9.4

  nunjucks@3.2.4:
    dependencies:
      a-sync-waterfall: 1.0.1
      asap: 2.0.6
      commander: 5.1.0

  rou3@0.7.9: {}

  srvx@0.9.4: {}

  undici-types@7.16.0: {}
