lockfileVersion: '9.0'

settings:
  autoInstallPeers: true
  excludeLinksFromLockfile: false

importers:

  .:
    dependencies:
      eta:
        specifier: ^4.0.1
        version: 4.0.1
      h3:
        specifier: 2.0.1-rc.5
        version: 2.0.1-rc.5
    devDependencies:
      '@types/node':
        specifier: ^24.9.2
        version: 24.9.2

packages:

  '@types/node@24.9.2':
    resolution: {integrity: sha512-uWN8YqxXxqFMX2RqGOrumsKeti4LlmIMIyV0lgut4jx7KQBcBiW6vkDtIBvHnHIquwNfJhk8v2OtmO8zXWHfPA==}

  eta@4.0.1:
    resolution: {integrity: sha512-0h0oBEsF6qAJU7eu9ztvJoTo8D2PAq/4FvXVIQA1fek3WOTe6KPsVJycekG1+g1N6mfpblkheoGwaUhMtnlH4A==}
    engines: {node: '>=20'}

  h3@2.0.1-rc.5:
    resolution: {integrity: sha512-qkohAzCab0nLzXNm78tBjZDvtKMTmtygS8BJLT3VPczAQofdqlFXDPkXdLMJN4r05+xqneG8snZJ0HgkERCZTg==}
    engines: {node: '>=20.11.1'}
    peerDependencies:
      crossws: ^0.4.1
    peerDependenciesMeta:
      crossws:
        optional: true

  rou3@0.7.9:
    resolution: {integrity: sha512-+JM7c8swGkoXkWRkIz7qpYN9Bls7Rj/vuSGaxtoKHIe8Ba1ci+mXnqzqtJFrXSbvEazNL9v83P2RiXae9NSbfQ==}

  srvx@0.9.4:
    resolution: {integrity: sha512-yACjRbHWbI3ehhPCrEKBZvAooe/xgJIdA7QRYiYFI1VtsiGyDpSQS5r9Q6ZgTa+R0umaoJhs2umKuGlL3/nDbQ==}
    engines: {node: '>=20.16.0'}
    hasBin: true

  undici-types@7.16.0:
    resolution: {integrity: sha512-Zz+aZWSj8LE6zoxD+xrjh4VfkIG8Ya6LvYkZqtUQGJPZjYl53ypCaUwWqo7eI0x66KBGeRo+mlBEkMSeSZ38Nw==}

snapshots:

  '@types/node@24.9.2':
    dependencies:
      undici-types: 7.16.0

  eta@4.0.1: {}

  h3@2.0.1-rc.5:
    dependencies:
      rou3: 0.7.9
      srvx: 0.9.4

  rou3@0.7.9: {}

  srvx@0.9.4: {}

  undici-types@7.16.0: {}
